
Microsoft Visual Studio Solution File, Format Version 12.00
# Visual Studio Version 17
VisualStudioVersion = 17.0.31912.275
MinimumVisualStudioVersion = 10.0.40219.1
Project("{FAE04EC0-301F-11D3-BF4B-00C04F79EFBC}") = "PopupsTutorial.Android", "PopupsTutorial\PopupsTutorial.Android\PopupsTutorial.Android.csproj", "{362C922A-AC6C-4EC8-B0F3-CDF89EC3A73D}"
EndProject
Project("{FAE04EC0-301F-11D3-BF4B-00C04F79EFBC}") = "PopupsTutorial.iOS", "PopupsTutorial\PopupsTutorial.iOS\PopupsTutorial.iOS.csproj", "{568922F9-D6EA-4B58-AF87-80312AD7536C}"
EndProject
Project("{FAE04EC0-301F-11D3-BF4B-00C04F79EFBC}") = "PopupsTutorial", "PopupsTutorial\PopupsTutorial\PopupsTutorial.csproj", "{5C26B0B5-6DC7-4A9B-8DFB-1E4ACAA7FFA3}"
EndProject
Global
	GlobalSection(SolutionConfigurationPlatforms) = preSolution
		Debug|Any CPU = Debug|Any CPU
		Debug|iPhone = Debug|iPhone
		Debug|iPhoneSimulator = Debug|iPhoneSimulator
		Release|Any CPU = Release|Any CPU
		Release|iPhone = Release|iPhone
		Release|iPhoneSimulator = Release|iPhoneSimulator
	EndGlobalSection
	GlobalSection(ProjectConfigurationPlatforms) = postSolution
		{362C922A-AC6C-4EC8-B0F3-CDF89EC3A73D}.Debug|Any CPU.ActiveCfg = Debug|Any CPU
		{362C922A-AC6C-4EC8-B0F3-CDF89EC3A73D}.Debug|Any CPU.Build.0 = Debug|Any CPU
		{362C922A-AC6C-4EC8-B0F3-CDF89EC3A73D}.Debug|Any CPU.Deploy.0 = Debug|Any CPU
		{362C922A-AC6C-4EC8-B0F3-CDF89EC3A73D}.Debug|iPhone.ActiveCfg = Debug|Any CPU
		{362C922A-AC6C-4EC8-B0F3-CDF89EC3A73D}.Debug|iPhone.Build.0 = Debug|Any CPU
		{362C922A-AC6C-4EC8-B0F3-CDF89EC3A73D}.Debug|iPhone.Deploy.0 = Debug|Any CPU
		{362C922A-AC6C-4EC8-B0F3-CDF89EC3A73D}.Debug|iPhoneSimulator.ActiveCfg = Debug|Any CPU
		{362C922A-AC6C-4EC8-B0F3-CDF89EC3A73D}.Debug|iPhoneSimulator.Build.0 = Debug|Any CPU
		{362C922A-AC6C-4EC8-B0F3-CDF89EC3A73D}.Debug|iPhoneSimulator.Deploy.0 = Debug|Any CPU
		{362C922A-AC6C-4EC8-B0F3-CDF89EC3A73D}.Release|Any CPU.ActiveCfg = Release|Any CPU
		{362C922A-AC6C-4EC8-B0F3-CDF89EC3A73D}.Release|Any CPU.Build.0 = Release|Any CPU
		{362C922A-AC6C-4EC8-B0F3-CDF89EC3A73D}.Release|Any CPU.Deploy.0 = Release|Any CPU
		{362C922A-AC6C-4EC8-B0F3-CDF89EC3A73D}.Release|iPhone.ActiveCfg = Release|Any CPU
		{362C922A-AC6C-4EC8-B0F3-CDF89EC3A73D}.Release|iPhone.Build.0 = Release|Any CPU
		{362C922A-AC6C-4EC8-B0F3-CDF89EC3A73D}.Release|iPhone.Deploy.0 = Release|Any CPU
		{362C922A-AC6C-4EC8-B0F3-CDF89EC3A73D}.Release|iPhoneSimulator.ActiveCfg = Release|Any CPU
		{362C922A-AC6C-4EC8-B0F3-CDF89EC3A73D}.Release|iPhoneSimulator.Build.0 = Release|Any CPU
		{362C922A-AC6C-4EC8-B0F3-CDF89EC3A73D}.Release|iPhoneSimulator.Deploy.0 = Release|Any CPU
		{568922F9-D6EA-4B58-AF87-80312AD7536C}.Debug|Any CPU.ActiveCfg = Debug|iPhone
		{568922F9-D6EA-4B58-AF87-80312AD7536C}.Debug|Any CPU.Build.0 = Debug|iPhone
		{568922F9-D6EA-4B58-AF87-80312AD7536C}.Debug|Any CPU.Deploy.0 = Debug|iPhone
		{568922F9-D6EA-4B58-AF87-80312AD7536C}.Debug|iPhone.ActiveCfg = Debug|iPhone
		{568922F9-D6EA-4B58-AF87-80312AD7536C}.Debug|iPhone.Build.0 = Debug|iPhone
		{568922F9-D6EA-4B58-AF87-80312AD7536C}.Debug|iPhone.Deploy.0 = Debug|iPhone
		{568922F9-D6EA-4B58-AF87-80312AD7536C}.Debug|iPhoneSimulator.ActiveCfg = Debug|iPhoneSimulator
		{568922F9-D6EA-4B58-AF87-80312AD7536C}.Debug|iPhoneSimulator.Build.0 = Debug|iPhoneSimulator
		{568922F9-D6EA-4B58-AF87-80312AD7536C}.Debug|iPhoneSimulator.Deploy.0 = Debug|iPhoneSimulator
		{568922F9-D6EA-4B58-AF87-80312AD7536C}.Release|Any CPU.ActiveCfg = Release|iPhoneSimulator
		{568922F9-D6EA-4B58-AF87-80312AD7536C}.Release|Any CPU.Build.0 = Release|iPhoneSimulator
		{568922F9-D6EA-4B58-AF87-80312AD7536C}.Release|Any CPU.Deploy.0 = Release|iPhoneSimulator
		{568922F9-D6EA-4B58-AF87-80312AD7536C}.Release|iPhone.ActiveCfg = Release|iPhone
		{568922F9-D6EA-4B58-AF87-80312AD7536C}.Release|iPhone.Build.0 = Release|iPhone
		{568922F9-D6EA-4B58-AF87-80312AD7536C}.Release|iPhone.Deploy.0 = Release|iPhone
		{568922F9-D6EA-4B58-AF87-80312AD7536C}.Release|iPhoneSimulator.ActiveCfg = Release|iPhoneSimulator
		{568922F9-D6EA-4B58-AF87-80312AD7536C}.Release|iPhoneSimulator.Build.0 = Release|iPhoneSimulator
		{568922F9-D6EA-4B58-AF87-80312AD7536C}.Release|iPhoneSimulator.Deploy.0 = Release|iPhoneSimulator
		{5C26B0B5-6DC7-4A9B-8DFB-1E4ACAA7FFA3}.Debug|Any CPU.ActiveCfg = Debug|Any CPU
		{5C26B0B5-6DC7-4A9B-8DFB-1E4ACAA7FFA3}.Debug|Any CPU.Build.0 = Debug|Any CPU
		{5C26B0B5-6DC7-4A9B-8DFB-1E4ACAA7FFA3}.Debug|Any CPU.Deploy.0 = Debug|Any CPU
		{5C26B0B5-6DC7-4A9B-8DFB-1E4ACAA7FFA3}.Debug|iPhone.ActiveCfg = Debug|Any CPU
		{5C26B0B5-6DC7-4A9B-8DFB-1E4ACAA7FFA3}.Debug|iPhone.Build.0 = Debug|Any CPU
		{5C26B0B5-6DC7-4A9B-8DFB-1E4ACAA7FFA3}.Debug|iPhone.Deploy.0 = Debug|Any CPU
		{5C26B0B5-6DC7-4A9B-8DFB-1E4ACAA7FFA3}.Debug|iPhoneSimulator.ActiveCfg = Debug|Any CPU
		{5C26B0B5-6DC7-4A9B-8DFB-1E4ACAA7FFA3}.Debug|iPhoneSimulator.Build.0 = Debug|Any CPU
		{5C26B0B5-6DC7-4A9B-8DFB-1E4ACAA7FFA3}.Debug|iPhoneSimulator.Deploy.0 = Debug|Any CPU
		{5C26B0B5-6DC7-4A9B-8DFB-1E4ACAA7FFA3}.Release|Any CPU.ActiveCfg = Release|Any CPU
		{5C26B0B5-6DC7-4A9B-8DFB-1E4ACAA7FFA3}.Release|Any CPU.Build.0 = Release|Any CPU
		{5C26B0B5-6DC7-4A9B-8DFB-1E4ACAA7FFA3}.Release|Any CPU.Deploy.0 = Release|Any CPU
		{5C26B0B5-6DC7-4A9B-8DFB-1E4ACAA7FFA3}.Release|iPhone.ActiveCfg = Release|Any CPU
		{5C26B0B5-6DC7-4A9B-8DFB-1E4ACAA7FFA3}.Release|iPhone.Build.0 = Release|Any CPU
		{5C26B0B5-6DC7-4A9B-8DFB-1E4ACAA7FFA3}.Release|iPhone.Deploy.0 = Release|Any CPU
		{5C26B0B5-6DC7-4A9B-8DFB-1E4ACAA7FFA3}.Release|iPhoneSimulator.ActiveCfg = Release|Any CPU
		{5C26B0B5-6DC7-4A9B-8DFB-1E4ACAA7FFA3}.Release|iPhoneSimulator.Build.0 = Release|Any CPU
		{5C26B0B5-6DC7-4A9B-8DFB-1E4ACAA7FFA3}.Release|iPhoneSimulator.Deploy.0 = Release|Any CPU
	EndGlobalSection
	GlobalSection(SolutionProperties) = preSolution
		HideSolutionNode = FALSE
	EndGlobalSection
	GlobalSection(ExtensibilityGlobals) = postSolution
		SolutionGuid = {09D55CB4-26AD-4E2B-BBD2-8864E80700C6}
	EndGlobalSection
EndGlobal
